
Microsoft Visual Studio Solution File, Format Version 12.00
# Visual Studio Version 17
VisualStudioVersion = 17.0.31903.59
MinimumVisualStudioVersion = 10.0.40219.1
Project("{2150E333-8FDC-42A3-9474-1A3956D46DE8}") = "src", "src", "{A240076F-E455-492A-9D35-9148767EDCC3}"
EndProject
Project("{FAE04EC0-301F-11D3-BF4B-00C04F79EFBC}") = "AuctionService", "src\AuctionService\AuctionService.csproj", "{8240B565-F71C-4ADC-949B-101E53E1651F}"
EndProject
Project("{FAE04EC0-301F-11D3-BF4B-00C04F79EFBC}") = "SearchService", "src\SearchService\SearchService.csproj", "{2EA7C8B3-7B80-48AB-B5C4-D33DCC8136EB}"
EndProject
Project("{FAE04EC0-301F-11D3-BF4B-00C04F79EFBC}") = "Contracts", "src\Contracts\Contracts.csproj", "{469CB662-6276-485C-A06C-97B8FDD90B85}"
EndProject
Project("{FAE04EC0-301F-11D3-BF4B-00C04F79EFBC}") = "IdentityService", "src\IdentityService\IdentityService.csproj", "{0D6D6524-2266-465B-A518-CF898136C9B4}"
EndProject
Project("{FAE04EC0-301F-11D3-BF4B-00C04F79EFBC}") = "GatewayService", "src\GatewayService\GatewayService.csproj", "{4B0F0468-23F3-4590-81F2-7376A8AD7EC1}"
EndProject
Project("{FAE04EC0-301F-11D3-BF4B-00C04F79EFBC}") = "BiddingService", "src\BiddingService\BiddingService.csproj", "{B01E204B-618B-49DC-964B-CFE0477D592E}"
EndProject
Global
	GlobalSection(SolutionConfigurationPlatforms) = preSolution
		Debug|Any CPU = Debug|Any CPU
		Release|Any CPU = Release|Any CPU
	EndGlobalSection
	GlobalSection(SolutionProperties) = preSolution
		HideSolutionNode = FALSE
	EndGlobalSection
	GlobalSection(ProjectConfigurationPlatforms) = postSolution
		{8240B565-F71C-4ADC-949B-101E53E1651F}.Debug|Any CPU.ActiveCfg = Debug|Any CPU
		{8240B565-F71C-4ADC-949B-101E53E1651F}.Debug|Any CPU.Build.0 = Debug|Any CPU
		{8240B565-F71C-4ADC-949B-101E53E1651F}.Release|Any CPU.ActiveCfg = Release|Any CPU
		{8240B565-F71C-4ADC-949B-101E53E1651F}.Release|Any CPU.Build.0 = Release|Any CPU
		{2EA7C8B3-7B80-48AB-B5C4-D33DCC8136EB}.Debug|Any CPU.ActiveCfg = Debug|Any CPU
		{2EA7C8B3-7B80-48AB-B5C4-D33DCC8136EB}.Debug|Any CPU.Build.0 = Debug|Any CPU
		{2EA7C8B3-7B80-48AB-B5C4-D33DCC8136EB}.Release|Any CPU.ActiveCfg = Release|Any CPU
		{2EA7C8B3-7B80-48AB-B5C4-D33DCC8136EB}.Release|Any CPU.Build.0 = Release|Any CPU
		{469CB662-6276-485C-A06C-97B8FDD90B85}.Debug|Any CPU.ActiveCfg = Debug|Any CPU
		{469CB662-6276-485C-A06C-97B8FDD90B85}.Debug|Any CPU.Build.0 = Debug|Any CPU
		{469CB662-6276-485C-A06C-97B8FDD90B85}.Release|Any CPU.ActiveCfg = Release|Any CPU
		{469CB662-6276-485C-A06C-97B8FDD90B85}.Release|Any CPU.Build.0 = Release|Any CPU
		{0D6D6524-2266-465B-A518-CF898136C9B4}.Debug|Any CPU.ActiveCfg = Debug|Any CPU
		{0D6D6524-2266-465B-A518-CF898136C9B4}.Debug|Any CPU.Build.0 = Debug|Any CPU
		{0D6D6524-2266-465B-A518-CF898136C9B4}.Release|Any CPU.ActiveCfg = Release|Any CPU
		{0D6D6524-2266-465B-A518-CF898136C9B4}.Release|Any CPU.Build.0 = Release|Any CPU
		{4B0F0468-23F3-4590-81F2-7376A8AD7EC1}.Debug|Any CPU.ActiveCfg = Debug|Any CPU
		{4B0F0468-23F3-4590-81F2-7376A8AD7EC1}.Debug|Any CPU.Build.0 = Debug|Any CPU
		{4B0F0468-23F3-4590-81F2-7376A8AD7EC1}.Release|Any CPU.ActiveCfg = Release|Any CPU
		{4B0F0468-23F3-4590-81F2-7376A8AD7EC1}.Release|Any CPU.Build.0 = Release|Any CPU
		{B01E204B-618B-49DC-964B-CFE0477D592E}.Debug|Any CPU.ActiveCfg = Debug|Any CPU
		{B01E204B-618B-49DC-964B-CFE0477D592E}.Debug|Any CPU.Build.0 = Debug|Any CPU
		{B01E204B-618B-49DC-964B-CFE0477D592E}.Release|Any CPU.ActiveCfg = Release|Any CPU
		{B01E204B-618B-49DC-964B-CFE0477D592E}.Release|Any CPU.Build.0 = Release|Any CPU
	EndGlobalSection
	GlobalSection(NestedProjects) = preSolution
		{8240B565-F71C-4ADC-949B-101E53E1651F} = {A240076F-E455-492A-9D35-9148767EDCC3}
		{2EA7C8B3-7B80-48AB-B5C4-D33DCC8136EB} = {A240076F-E455-492A-9D35-9148767EDCC3}
		{469CB662-6276-485C-A06C-97B8FDD90B85} = {A240076F-E455-492A-9D35-9148767EDCC3}
		{0D6D6524-2266-465B-A518-CF898136C9B4} = {A240076F-E455-492A-9D35-9148767EDCC3}
		{4B0F0468-23F3-4590-81F2-7376A8AD7EC1} = {A240076F-E455-492A-9D35-9148767EDCC3}
		{B01E204B-618B-49DC-964B-CFE0477D592E} = {A240076F-E455-492A-9D35-9148767EDCC3}
	EndGlobalSection
EndGlobal
